{
  "name": "ts3-test-bot",
  "version": "1.0.0",
  "lockfileVersion": 1,
  "requires": true,
  "dependencies": {
    "@types/node": {
      "version": "13.5.3",
      "resolved": "https://registry.npmjs.org/@types/node/-/node-13.5.3.tgz",
      "integrity": "sha512-ZPnWX9PW992w6DUsz3JIXHaSb5v7qmKCVzC3km6SxcDGxk7zmLfYaCJTbktIa5NeywJkkZDhGldKqDIvC5DRrA=="
    },
    "asn1": {
      "version": "0.2.4",
      "resolved": "https://registry.npmjs.org/asn1/-/asn1-0.2.4.tgz",
      "integrity": "sha512-jxwzQpLQjSmWXgwaCZE9Nz+glAG01yF1QnWgbhGwHI5A6FRIEY6IVqtHhIepHqI7/kyEyQEagBC5mBEFlIYvdg==",
      "requires": {
        "safer-buffer": "~2.1.0"
      }
    },
    "axios": {
      "version": "0.21.1",
      "resolved": "https://registry.npmjs.org/axios/-/axios-0.21.1.tgz",
      "integrity": "sha512-dKQiRHxGD9PPRIUNIWvZhPTPpl1rf/OxTYKsqKUDjBwYylTvV7SjSHJb9ratfyzM6wCdLCOYLzs73qpg5c4iGA==",
      "requires": {
        "follow-redirects": "^1.10.0"
      }
    },
    "bcrypt-pbkdf": {
      "version": "1.0.2",
      "resolved": "https://registry.npmjs.org/bcrypt-pbkdf/-/bcrypt-pbkdf-1.0.2.tgz",
      "integrity": "sha1-pDAdOJtqQ/m2f/PKEaP2Y342Dp4=",
      "requires": {
        "tweetnacl": "^0.14.3"
      }
    },
    "follow-redirects": {
      "version": "1.13.1",
      "resolved": "https://registry.npmjs.org/follow-redirects/-/follow-redirects-1.13.1.tgz",
      "integrity": "sha512-SSG5xmZh1mkPGyKzjZP8zLjltIfpW32Y5QpdNJyjcfGxK3qo3NDDkZOZSFiGn1A6SclQxY9GzEwAHQ3dmYRWpg=="
    },
    "safer-buffer": {
      "version": "2.1.2",
      "resolved": "https://registry.npmjs.org/safer-buffer/-/safer-buffer-2.1.2.tgz",
      "integrity": "sha512-YZo3K82SD7Riyi0E1EQPojLz7kpepnSQI9IyPbHHg1XXXevb5dJI7tpyN2ADxGcQbHG7vcyRHk0cbwqcQriUtg=="
    },
    "save-dev": {
      "version": "0.0.1-security",
      "resolved": "https://registry.npmjs.org/save-dev/-/save-dev-0.0.1-security.tgz",
      "integrity": "sha512-k6knZTDNK8PKKbIqnvxiOveJinuw2LcQjqDoaorZWP9M5AR2EPsnpDeSbeoZZ0pHr5ze1uoaKdK8NBGQrJ34Uw=="
    },
    "ssh2": {
      "version": "0.8.7",
      "resolved": "https://registry.npmjs.org/ssh2/-/ssh2-0.8.7.tgz",
      "integrity": "sha512-/u1BO12kb0lDVxJXejWB9pxyF3/ncgRqI9vPCZuPzo05pdNDzqUeQRavScwSPsfMGK+5H/VRqp1IierIx0Bcxw==",
      "requires": {
        "ssh2-streams": "~0.4.8"
      }
    },
    "ssh2-streams": {
      "version": "0.4.8",
      "resolved": "https://registry.npmjs.org/ssh2-streams/-/ssh2-streams-0.4.8.tgz",
      "integrity": "sha512-auxXfgYySz2vYw7TMU7PK7vFI7EPvhvTH8/tZPgGaWocK4p/vwCMiV3icz9AEkb0R40kOKZtFtqYIxDJyJiytw==",
      "requires": {
        "asn1": "~0.2.0",
        "bcrypt-pbkdf": "^1.0.2",
        "streamsearch": "~0.1.2"
      }
    },
    "streamsearch": {
      "version": "0.1.2",
      "resolved": "https://registry.npmjs.org/streamsearch/-/streamsearch-0.1.2.tgz",
      "integrity": "sha1-gIudDlb8Jz2Am6VzOOkpkZoanxo="
    },
    "ts3-nodejs-library": {
      "version": "2.3.3",
      "resolved": "https://registry.npmjs.org/ts3-nodejs-library/-/ts3-nodejs-library-2.3.3.tgz",
      "integrity": "sha512-ztw9z3DFNEwo1g821MUMu2KJrXYqyIlWDx7Fc+6a1hD8EVcUTqCkGrQ0/QQ8/HsCx+YvoIqVZ7F94uOCiu9WCA==",
      "requires": {
        "ssh2": "^0.8.7"
      }
    },
    "tweetnacl": {
      "version": "0.14.5",
      "resolved": "https://registry.npmjs.org/tweetnacl/-/tweetnacl-0.14.5.tgz",
      "integrity": "sha1-WuaBd/GS1EViadEIr6k/+HQ/T2Q="
    },
    "typescript": {
      "version": "3.7.5",
      "resolved": "https://registry.npmjs.org/typescript/-/typescript-3.7.5.tgz",
      "integrity": "sha512-/P5lkRXkWHNAbcJIiHPfRoKqyd7bsyCma1hZNUGfn20qm64T6ZBlrzprymeu918H+mB/0rIg2gGK/BXkhhYgBw==",
      "dev": true
    }
  }
}
